// !$*UTF8*$!
{
	archiveVersion = 1;
	classes = {
	};
	objectVersion = 55;
	objects = {

/* Begin PBXBuildFile section */
		F704D0C127628999006F3F19 /* TogglableSecureFieldDemoApp.swift in Sources */ = {isa = PBXBuildFile; fileRef = F704D0C027628999006F3F19 /* TogglableSecureFieldDemoApp.swift */; };
		F704D0C327628999006F3F19 /* ContentView.swift in Sources */ = {isa = PBXBuildFile; fileRef = F704D0C227628999006F3F19 /* ContentView.swift */; };
		F704D0C52762899E006F3F19 /* Assets.xcassets in Resources */ = {isa = PBXBuildFile; fileRef = F704D0C42762899E006F3F19 /* Assets.xcassets */; };
		F704D0C82762899E006F3F19 /* Preview Assets.xcassets in Resources */ = {isa = PBXBuildFile; fileRef = F704D0C72762899E006F3F19 /* Preview Assets.xcassets */; };
		F704D0D22762899E006F3F19 /* TogglableSecureFieldDemoTests.swift in Sources */ = {isa = PBXBuildFile; fileRef = F704D0D12762899E006F3F19 /* TogglableSecureFieldDemoTests.swift */; };
		F704D0DC2762899E006F3F19 /* TogglableSecureFieldDemoUITests.swift in Sources */ = {isa = PBXBuildFile; fileRef = F704D0DB2762899E006F3F19 /* TogglableSecureFieldDemoUITests.swift */; };
		F704D0DE2762899E006F3F19 /* TogglableSecureFieldDemoUITestsLaunchTests.swift in Sources */ = {isa = PBXBuildFile; fileRef = F704D0DD2762899E006F3F19 /* TogglableSecureFieldDemoUITestsLaunchTests.swift */; };
		F704D0F027628F15006F3F19 /* TogglableSecureField in Frameworks */ = {isa = PBXBuildFile; productRef = F704D0EF27628F15006F3F19 /* TogglableSecureField */; };
/* End PBXBuildFile section */

/* Begin PBXContainerItemProxy section */
		F704D0CE2762899E006F3F19 /* PBXContainerItemProxy */ = {
			isa = PBXContainerItemProxy;
			containerPortal = F704D0B527628999006F3F19 /* Project object */;
			proxyType = 1;
			remoteGlobalIDString = F704D0BC27628999006F3F19;
			remoteInfo = TogglableSecureFieldDemo;
		};
		F704D0D82762899E006F3F19 /* PBXContainerItemProxy */ = {
			isa = PBXContainerItemProxy;
			containerPortal = F704D0B527628999006F3F19 /* Project object */;
			proxyType = 1;
			remoteGlobalIDString = F704D0BC27628999006F3F19;
			remoteInfo = TogglableSecureFieldDemo;
		};
/* End PBXContainerItemProxy section */

/* Begin PBXFileReference section */
		F704D0BD27628999006F3F19 /* TogglableSecureFieldDemo.app */ = {isa = PBXFileReference; explicitFileType = wrapper.application; includeInIndex = 0; path = TogglableSecureFieldDemo.app; sourceTree = BUILT_PRODUCTS_DIR; };
		F704D0C027628999006F3F19 /* TogglableSecureFieldDemoApp.swift */ = {isa = PBXFileReference; lastKnownFileType = sourcecode.swift; path = TogglableSecureFieldDemoApp.swift; sourceTree = "<group>"; };
		F704D0C227628999006F3F19 /* ContentView.swift */ = {isa = PBXFileReference; lastKnownFileType = sourcecode.swift; path = ContentView.swift; sourceTree = "<group>"; };
		F704D0C42762899E006F3F19 /* Assets.xcassets */ = {isa = PBXFileReference; lastKnownFileType = folder.assetcatalog; path = Assets.xcassets; sourceTree = "<group>"; };
		F704D0C72762899E006F3F19 /* Preview Assets.xcassets */ = {isa = PBXFileReference; lastKnownFileType = folder.assetcatalog; path = "Preview Assets.xcassets"; sourceTree = "<group>"; };
		F704D0CD2762899E006F3F19 /* TogglableSecureFieldDemoTests.xctest */ = {isa = PBXFileReference; explicitFileType = wrapper.cfbundle; includeInIndex = 0; path = TogglableSecureFieldDemoTests.xctest; sourceTree = BUILT_PRODUCTS_DIR; };
		F704D0D12762899E006F3F19 /* TogglableSecureFieldDemoTests.swift */ = {isa = PBXFileReference; lastKnownFileType = sourcecode.swift; path = TogglableSecureFieldDemoTests.swift; sourceTree = "<group>"; };
		F704D0D72762899E006F3F19 /* TogglableSecureFieldDemoUITests.xctest */ = {isa = PBXFileReference; explicitFileType = wrapper.cfbundle; includeInIndex = 0; path = TogglableSecureFieldDemoUITests.xctest; sourceTree = BUILT_PRODUCTS_DIR; };
		F704D0DB2762899E006F3F19 /* TogglableSecureFieldDemoUITests.swift */ = {isa = PBXFileReference; lastKnownFileType = sourcecode.swift; path = TogglableSecureFieldDemoUITests.swift; sourceTree = "<group>"; };
		F704D0DD2762899E006F3F19 /* TogglableSecureFieldDemoUITestsLaunchTests.swift */ = {isa = PBXFileReference; lastKnownFileType = sourcecode.swift; path = TogglableSecureFieldDemoUITestsLaunchTests.swift; sourceTree = "<group>"; };
		F704D0F227628F20006F3F19 /* TogglableSecureField */ = {isa = PBXFileReference; lastKnownFileType = folder; name = TogglableSecureField; path = ..; sourceTree = "<group>"; };
/* End PBXFileReference section */

/* Begin PBXFrameworksBuildPhase section */
		F704D0BA27628999006F3F19 /* Frameworks */ = {
			isa = PBXFrameworksBuildPhase;
			buildActionMask = 2147483647;
			files = (
				F704D0F027628F15006F3F19 /* TogglableSecureField in Frameworks */,
			);
			runOnlyForDeploymentPostprocessing = 0;
		};
		F704D0CA2762899E006F3F19 /* Frameworks */ = {
			isa = PBXFrameworksBuildPhase;
			buildActionMask = 2147483647;
			files = (
			);
			runOnlyForDeploymentPostprocessing = 0;
		};
		F704D0D42762899E006F3F19 /* Frameworks */ = {
			isa = PBXFrameworksBuildPhase;
			buildActionMask = 2147483647;
			files = (
			);
			runOnlyForDeploymentPostprocessing = 0;
		};
/* End PBXFrameworksBuildPhase section */

/* Begin PBXGroup section */
		F704D0B427628999006F3F19 = {
			isa = PBXGroup;
			children = (
				F704D0F127628F20006F3F19 /* Packages */,
				F704D0BF27628999006F3F19 /* TogglableSecureFieldDemo */,
				F704D0D02762899E006F3F19 /* TogglableSecureFieldDemoTests */,
				F704D0DA2762899E006F3F19 /* TogglableSecureFieldDemoUITests */,
				F704D0BE27628999006F3F19 /* Products */,
			);
			sourceTree = "<group>";
		};
		F704D0BE27628999006F3F19 /* Products */ = {
			isa = PBXGroup;
			children = (
				F704D0BD27628999006F3F19 /* TogglableSecureFieldDemo.app */,
				F704D0CD2762899E006F3F19 /* TogglableSecureFieldDemoTests.xctest */,
				F704D0D72762899E006F3F19 /* TogglableSecureFieldDemoUITests.xctest */,
			);
			name = Products;
			sourceTree = "<group>";
		};
		F704D0BF27628999006F3F19 /* TogglableSecureFieldDemo */ = {
			isa = PBXGroup;
			children = (
				F704D0C027628999006F3F19 /* TogglableSecureFieldDemoApp.swift */,
				F704D0C227628999006F3F19 /* ContentView.swift */,
				F704D0C42762899E006F3F19 /* Assets.xcassets */,
				F704D0C62762899E006F3F19 /* Preview Content */,
			);
			path = TogglableSecureFieldDemo;
			sourceTree = "<group>";
		};
		F704D0C62762899E006F3F19 /* Preview Content */ = {
			isa = PBXGroup;
			children = (
				F704D0C72762899E006F3F19 /* Preview Assets.xcassets */,
			);
			path = "Preview Content";
			sourceTree = "<group>";
		};
		F704D0D02762899E006F3F19 /* TogglableSecureFieldDemoTests */ = {
			isa = PBXGroup;
			children = (
				F704D0D12762899E006F3F19 /* TogglableSecureFieldDemoTests.swift */,
			);
			path = TogglableSecureFieldDemoTests;
			sourceTree = "<group>";
		};
		F704D0DA2762899E006F3F19 /* TogglableSecureFieldDemoUITests */ = {
			isa = PBXGroup;
			children = (
				F704D0DB2762899E006F3F19 /* TogglableSecureFieldDemoUITests.swift */,
				F704D0DD2762899E006F3F19 /* TogglableSecureFieldDemoUITestsLaunchTests.swift */,
			);
			path = TogglableSecureFieldDemoUITests;
			sourceTree = "<group>";
		};
		F704D0F127628F20006F3F19 /* Packages */ = {
			isa = PBXGroup;
			children = (
				F704D0F227628F20006F3F19 /* TogglableSecureField */,
			);
			name = Packages;
			sourceTree = "<group>";
		};
/* End PBXGroup section */

/* Begin PBXNativeTarget section */
		F704D0BC27628999006F3F19 /* TogglableSecureFieldDemo */ = {
			isa = PBXNativeTarget;
			buildConfigurationList = F704D0E12762899E006F3F19 /* Build configuration list for PBXNativeTarget "TogglableSecureFieldDemo" */;
			buildPhases = (
				F704D0B927628999006F3F19 /* Sources */,
				F704D0BA27628999006F3F19 /* Frameworks */,
				F704D0BB27628999006F3F19 /* Resources */,
			);
			buildRules = (
			);
			dependencies = (
			);
			name = TogglableSecureFieldDemo;
			packageProductDependencies = (
				F704D0EF27628F15006F3F19 /* TogglableSecureField */,
			);
			productName = TogglableSecureFieldDemo;
			productReference = F704D0BD27628999006F3F19 /* TogglableSecureFieldDemo.app */;
			productType = "com.apple.product-type.application";
		};
		F704D0CC2762899E006F3F19 /* TogglableSecureFieldDemoTests */ = {
			isa = PBXNativeTarget;
			buildConfigurationList = F704D0E42762899E006F3F19 /* Build configuration list for PBXNativeTarget "TogglableSecureFieldDemoTests" */;
			buildPhases = (
				F704D0C92762899E006F3F19 /* Sources */,
				F704D0CA2762899E006F3F19 /* Frameworks */,
				F704D0CB2762899E006F3F19 /* Resources */,
			);
			buildRules = (
			);
			dependencies = (
				F704D0CF2762899E006F3F19 /* PBXTargetDependency */,
			);
			name = TogglableSecureFieldDemoTests;
			productName = TogglableSecureFieldDemoTests;
			productReference = F704D0CD2762899E006F3F19 /* TogglableSecureFieldDemoTests.xctest */;
			productType = "com.apple.product-type.bundle.unit-test";
		};
		F704D0D62762899E006F3F19 /* TogglableSecureFieldDemoUITests */ = {
			isa = PBXNativeTarget;
			buildConfigurationList = F704D0E72762899E006F3F19 /* Build configuration list for PBXNativeTarget "TogglableSecureFieldDemoUITests" */;
			buildPhases = (
				F704D0D32762899E006F3F19 /* Sources */,
				F704D0D42762899E006F3F19 /* Frameworks */,
				F704D0D52762899E006F3F19 /* Resources */,
			);
			buildRules = (
			);
			dependencies = (
				F704D0D92762899E006F3F19 /* PBXTargetDependency */,
			);
			name = TogglableSecureFieldDemoUITests;
			productName = TogglableSecureFieldDemoUITests;
			productReference = F704D0D72762899E006F3F19 /* TogglableSecureFieldDemoUITests.xctest */;
			productType = "com.apple.product-type.bundle.ui-testing";
		};
/* End PBXNativeTarget section */

/* Begin PBXProject section */
		F704D0B527628999006F3F19 /* Project object */ = {
			isa = PBXProject;
			attributes = {
				BuildIndependentTargetsInParallel = 1;
				LastSwiftUpdateCheck = 1310;
				LastUpgradeCheck = 1310;
				TargetAttributes = {
					F704D0BC27628999006F3F19 = {
						CreatedOnToolsVersion = 13.1;
					};
					F704D0CC2762899E006F3F19 = {
						CreatedOnToolsVersion = 13.1;
						TestTargetID = F704D0BC27628999006F3F19;
					};
					F704D0D62762899E006F3F19 = {
						CreatedOnToolsVersion = 13.1;
						TestTargetID = F704D0BC27628999006F3F19;
					};
				};
			};
			buildConfigurationList = F704D0B827628999006F3F19 /* Build configuration list for PBXProject "TogglableSecureFieldDemo" */;
			compatibilityVersion = "Xcode 13.0";
			developmentRegion = en;
			hasScannedForEncodings = 0;
			knownRegions = (
				en,
				Base,
			);
			mainGroup = F704D0B427628999006F3F19;
			packageReferences = (
				F704D0EE27628F15006F3F19 /* XCRemoteSwiftPackageReference "TogglableSecureField" */,
			);
			productRefGroup = F704D0BE27628999006F3F19 /* Products */;
			projectDirPath = "";
			projectRoot = "";
			targets = (
				F704D0BC27628999006F3F19 /* TogglableSecureFieldDemo */,
				F704D0CC2762899E006F3F19 /* TogglableSecureFieldDemoTests */,
				F704D0D62762899E006F3F19 /* TogglableSecureFieldDemoUITests */,
			);
		};
/* End PBXProject section */

/* Begin PBXResourcesBuildPhase section */
		F704D0BB27628999006F3F19 /* Resources */ = {
			isa = PBXResourcesBuildPhase;
			buildActionMask = 2147483647;
			files = (
				F704D0C82762899E006F3F19 /* Preview Assets.xcassets in Resources */,
				F704D0C52762899E006F3F19 /* Assets.xcassets in Resources */,
			);
			runOnlyForDeploymentPostprocessing = 0;
		};
		F704D0CB2762899E006F3F19 /* Resources */ = {
			isa = PBXResourcesBuildPhase;
			buildActionMask = 2147483647;
			files = (
			);
			runOnlyForDeploymentPostprocessing = 0;
		};
		F704D0D52762899E006F3F19 /* Resources */ = {
			isa = PBXResourcesBuildPhase;
			buildActionMask = 2147483647;
			files = (
			);
			runOnlyForDeploymentPostprocessing = 0;
		};
/* End PBXResourcesBuildPhase section */

/* Begin PBXSourcesBuildPhase section */
		F704D0B927628999006F3F19 /* Sources */ = {
			isa = PBXSourcesBuildPhase;
			buildActionMask = 2147483647;
			files = (
				F704D0C327628999006F3F19 /* ContentView.swift in Sources */,
				F704D0C127628999006F3F19 /* TogglableSecureFieldDemoApp.swift in Sources */,
			);
			runOnlyForDeploymentPostprocessing = 0;
		};
		F704D0C92762899E006F3F19 /* Sources */ = {
			isa = PBXSourcesBuildPhase;
			buildActionMask = 2147483647;
			files = (
				F704D0D22762899E006F3F19 /* TogglableSecureFieldDemoTests.swift in Sources */,
			);
			runOnlyForDeploymentPostprocessing = 0;
		};
		F704D0D32762899E006F3F19 /* Sources */ = {
			isa = PBXSourcesBuildPhase;
			buildActionMask = 2147483647;
			files = (
				F704D0DC2762899E006F3F19 /* TogglableSecureFieldDemoUITests.swift in Sources */,
				F704D0DE2762899E006F3F19 /* TogglableSecureFieldDemoUITestsLaunchTests.swift in Sources */,
			);
			runOnlyForDeploymentPostprocessing = 0;
		};
/* End PBXSourcesBuildPhase section */

/* Begin PBXTargetDependency section */
		F704D0CF2762899E006F3F19 /* PBXTargetDependency */ = {
			isa = PBXTargetDependency;
			target = F704D0BC27628999006F3F19 /* TogglableSecureFieldDemo */;
			targetProxy = F704D0CE2762899E006F3F19 /* PBXContainerItemProxy */;
		};
		F704D0D92762899E006F3F19 /* PBXTargetDependency */ = {
			isa = PBXTargetDependency;
			target = F704D0BC27628999006F3F19 /* TogglableSecureFieldDemo */;
			targetProxy = F704D0D82762899E006F3F19 /* PBXContainerItemProxy */;
		};
/* End PBXTargetDependency section */

/* Begin XCBuildConfiguration section */
		F704D0DF2762899E006F3F19 /* Debug */ = {
			isa = XCBuildConfiguration;
			buildSettings = {
				ALWAYS_SEARCH_USER_PATHS = NO;
				CLANG_ANALYZER_NONNULL = YES;
				CLANG_ANALYZER_NUMBER_OBJECT_CONVERSION = YES_AGGRESSIVE;
				CLANG_CXX_LANGUAGE_STANDARD = "gnu++17";
				CLANG_CXX_LIBRARY = "libc++";
				CLANG_ENABLE_MODULES = YES;
				CLANG_ENABLE_OBJC_ARC = YES;
				CLANG_ENABLE_OBJC_WEAK = YES;
				CLANG_WARN_BLOCK_CAPTURE_AUTORELEASING = YES;
				CLANG_WARN_BOOL_CONVERSION = YES;
				CLANG_WARN_COMMA = YES;
				CLANG_WARN_CONSTANT_CONVERSION = YES;
				CLANG_WARN_DEPRECATED_OBJC_IMPLEMENTATIONS = YES;
				CLANG_WARN_DIRECT_OBJC_ISA_USAGE = YES_ERROR;
				CLANG_WARN_DOCUMENTATION_COMMENTS = YES;
				CLANG_WARN_EMPTY_BODY = YES;
				CLANG_WARN_ENUM_CONVERSION = YES;
				CLANG_WARN_INFINITE_RECURSION = YES;
				CLANG_WARN_INT_CONVERSION = YES;
				CLANG_WARN_NON_LITERAL_NULL_CONVERSION = YES;
				CLANG_WARN_OBJC_IMPLICIT_RETAIN_SELF = YES;
				CLANG_WARN_OBJC_LITERAL_CONVERSION = YES;
				CLANG_WARN_OBJC_ROOT_CLASS = YES_ERROR;
				CLANG_WARN_QUOTED_INCLUDE_IN_FRAMEWORK_HEADER = YES;
				CLANG_WARN_RANGE_LOOP_ANALYSIS = YES;
				CLANG_WARN_STRICT_PROTOTYPES = YES;
				CLANG_WARN_SUSPICIOUS_MOVE = YES;
				CLANG_WARN_UNGUARDED_AVAILABILITY = YES_AGGRESSIVE;
				CLANG_WARN_UNREACHABLE_CODE = YES;
				CLANG_WARN__DUPLICATE_METHOD_MATCH = YES;
				COPY_PHASE_STRIP = NO;
				DEBUG_INFORMATION_FORMAT = dwarf;
				ENABLE_STRICT_OBJC_MSGSEND = YES;
				ENABLE_TESTABILITY = YES;
				GCC_C_LANGUAGE_STANDARD = gnu11;
				GCC_DYNAMIC_NO_PIC = NO;
				GCC_NO_COMMON_BLOCKS = YES;
				GCC_OPTIMIZATION_LEVEL = 0;
				GCC_PREPROCESSOR_DEFINITIONS = (
					"DEBUG=1",
					"$(inherited)",
				);
				GCC_WARN_64_TO_32_BIT_CONVERSION = YES;
				GCC_WARN_ABOUT_RETURN_TYPE = YES_ERROR;
				GCC_WARN_UNDECLARED_SELECTOR = YES;
				GCC_WARN_UNINITIALIZED_AUTOS = YES_AGGRESSIVE;
				GCC_WARN_UNUSED_FUNCTION = YES;
				GCC_WARN_UNUSED_VARIABLE = YES;
				IPHONEOS_DEPLOYMENT_TARGET = 15.0;
				MTL_ENABLE_DEBUG_INFO = INCLUDE_SOURCE;
				MTL_FAST_MATH = YES;
				ONLY_ACTIVE_ARCH = YES;
				SDKROOT = iphoneos;
				SWIFT_ACTIVE_COMPILATION_CONDITIONS = DEBUG;
				SWIFT_OPTIMIZATION_LEVEL = "-Onone";
			};
			name = Debug;
		};
		F704D0E02762899E006F3F19 /* Release */ = {
			isa = XCBuildConfiguration;
			buildSettings = {
				ALWAYS_SEARCH_USER_PATHS = NO;
				CLANG_ANALYZER_NONNULL = YES;
				CLANG_ANALYZER_NUMBER_OBJECT_CONVERSION = YES_AGGRESSIVE;
				CLANG_CXX_LANGUAGE_STANDARD = "gnu++17";
				CLANG_CXX_LIBRARY = "libc++";
				CLANG_ENABLE_MODULES = YES;
				CLANG_ENABLE_OBJC_ARC = YES;
				CLANG_ENABLE_OBJC_WEAK = YES;
				CLANG_WARN_BLOCK_CAPTURE_AUTORELEASING = YES;
				CLANG_WARN_BOOL_CONVERSION = YES;
				CLANG_WARN_COMMA = YES;
				CLANG_WARN_CONSTANT_CONVERSION = YES;
				CLANG_WARN_DEPRECATED_OBJC_IMPLEMENTATIONS = YES;
				CLANG_WARN_DIRECT_OBJC_ISA_USAGE = YES_ERROR;
				CLANG_WARN_DOCUMENTATION_COMMENTS = YES;
				CLANG_WARN_EMPTY_BODY = YES;
				CLANG_WARN_ENUM_CONVERSION = YES;
				CLANG_WARN_INFINITE_RECURSION = YES;
				CLANG_WARN_INT_CONVERSION = YES;
				CLANG_WARN_NON_LITERAL_NULL_CONVERSION = YES;
				CLANG_WARN_OBJC_IMPLICIT_RETAIN_SELF = YES;
				CLANG_WARN_OBJC_LITERAL_CONVERSION = YES;
				CLANG_WARN_OBJC_ROOT_CLASS = YES_ERROR;
				CLANG_WARN_QUOTED_INCLUDE_IN_FRAMEWORK_HEADER = YES;
				CLANG_WARN_RANGE_LOOP_ANALYSIS = YES;
				CLANG_WARN_STRICT_PROTOTYPES = YES;
				CLANG_WARN_SUSPICIOUS_MOVE = YES;
				CLANG_WARN_UNGUARDED_AVAILABILITY = YES_AGGRESSIVE;
				CLANG_WARN_UNREACHABLE_CODE = YES;
				CLANG_WARN__DUPLICATE_METHOD_MATCH = YES;
				COPY_PHASE_STRIP = NO;
				DEBUG_INFORMATION_FORMAT = "dwarf-with-dsym";
				ENABLE_NS_ASSERTIONS = NO;
				ENABLE_STRICT_OBJC_MSGSEND = YES;
				GCC_C_LANGUAGE_STANDARD = gnu11;
				GCC_NO_COMMON_BLOCKS = YES;
				GCC_WARN_64_TO_32_BIT_CONVERSION = YES;
				GCC_WARN_ABOUT_RETURN_TYPE = YES_ERROR;
				GCC_WARN_UNDECLARED_SELECTOR = YES;
				GCC_WARN_UNINITIALIZED_AUTOS = YES_AGGRESSIVE;
				GCC_WARN_UNUSED_FUNCTION = YES;
				GCC_WARN_UNUSED_VARIABLE = YES;
				IPHONEOS_DEPLOYMENT_TARGET = 15.0;
				MTL_ENABLE_DEBUG_INFO = NO;
				MTL_FAST_MATH = YES;
				SDKROOT = iphoneos;
				SWIFT_COMPILATION_MODE = wholemodule;
				SWIFT_OPTIMIZATION_LEVEL = "-O";
				VALIDATE_PRODUCT = YES;
			};
			name = Release;
		};
		F704D0E22762899E006F3F19 /* Debug */ = {
			isa = XCBuildConfiguration;
			buildSettings = {
				ASSETCATALOG_COMPILER_APPICON_NAME = AppIcon;
				ASSETCATALOG_COMPILER_GLOBAL_ACCENT_COLOR_NAME = AccentColor;
				CODE_SIGN_STYLE = Automatic;
				CURRENT_PROJECT_VERSION = 1;
				DEVELOPMENT_ASSET_PATHS = "\"TogglableSecureFieldDemo/Preview Content\"";
				DEVELOPMENT_TEAM = 8VNN3M6MR6;
				ENABLE_PREVIEWS = YES;
				GENERATE_INFOPLIST_FILE = YES;
				INFOPLIST_KEY_UIApplicationSceneManifest_Generation = YES;
				INFOPLIST_KEY_UIApplicationSupportsIndirectInputEvents = YES;
				INFOPLIST_KEY_UILaunchScreen_Generation = YES;
				INFOPLIST_KEY_UISupportedInterfaceOrientations_iPad = "UIInterfaceOrientationPortrait UIInterfaceOrientationPortraitUpsideDown UIInterfaceOrientationLandscapeLeft UIInterfaceOrientationLandscapeRight";
				INFOPLIST_KEY_UISupportedInterfaceOrientations_iPhone = "UIInterfaceOrientationPortrait UIInterfaceOrientationLandscapeLeft UIInterfaceOrientationLandscapeRight";
				LD_RUNPATH_SEARCH_PATHS = (
					"$(inherited)",
					"@executable_path/Frameworks",
				);
				MARKETING_VERSION = 1.0;
				PRODUCT_BUNDLE_IDENTIFIER = com.deicoon.TogglableSecureFieldDemo;
				PRODUCT_NAME = "$(TARGET_NAME)";
				SWIFT_EMIT_LOC_STRINGS = YES;
				SWIFT_VERSION = 5.0;
				TARGETED_DEVICE_FAMILY = "1,2";
			};
			name = Debug;
		};
		F704D0E32762899E006F3F19 /* Release */ = {
			isa = XCBuildConfiguration;
			buildSettings = {
				ASSETCATALOG_COMPILER_APPICON_NAME = AppIcon;
				ASSETCATALOG_COMPILER_GLOBAL_ACCENT_COLOR_NAME = AccentColor;
				CODE_SIGN_STYLE = Automatic;
				CURRENT_PROJECT_VERSION = 1;
				DEVELOPMENT_ASSET_PATHS = "\"TogglableSecureFieldDemo/Preview Content\"";
				DEVELOPMENT_TEAM = 8VNN3M6MR6;
				ENABLE_PREVIEWS = YES;
				GENERATE_INFOPLIST_FILE = YES;
				INFOPLIST_KEY_UIApplicationSceneManifest_Generation = YES;
				INFOPLIST_KEY_UIApplicationSupportsIndirectInputEvents = YES;
				INFOPLIST_KEY_UILaunchScreen_Generation = YES;
				INFOPLIST_KEY_UISupportedInterfaceOrientations_iPad = "UIInterfaceOrientationPortrait UIInterfaceOrientationPortraitUpsideDown UIInterfaceOrientationLandscapeLeft UIInterfaceOrientationLandscapeRight";
				INFOPLIST_KEY_UISupportedInterfaceOrientations_iPhone = "UIInterfaceOrientationPortrait UIInterfaceOrientationLandscapeLeft UIInterfaceOrientationLandscapeRight";
				LD_RUNPATH_SEARCH_PATHS = (
					"$(inherited)",
					"@executable_path/Frameworks",
				);
				MARKETING_VERSION = 1.0;
				PRODUCT_BUNDLE_IDENTIFIER = com.deicoon.TogglableSecureFieldDemo;
				PRODUCT_NAME = "$(TARGET_NAME)";
				SWIFT_EMIT_LOC_STRINGS = YES;
				SWIFT_VERSION = 5.0;
				TARGETED_DEVICE_FAMILY = "1,2";
			};
			name = Release;
		};
		F704D0E52762899E006F3F19 /* Debug */ = {
			isa = XCBuildConfiguration;
			buildSettings = {
				ALWAYS_EMBED_SWIFT_STANDARD_LIBRARIES = YES;
				BUNDLE_LOADER = "$(TEST_HOST)";
				CODE_SIGN_STYLE = Automatic;
				CURRENT_PROJECT_VERSION = 1;
				DEVELOPMENT_TEAM = 8VNN3M6MR6;
				GENERATE_INFOPLIST_FILE = YES;
				IPHONEOS_DEPLOYMENT_TARGET = 15.0;
				LD_RUNPATH_SEARCH_PATHS = (
					"$(inherited)",
					"@executable_path/Frameworks",
					"@loader_path/Frameworks",
				);
				MARKETING_VERSION = 1.0;
				PRODUCT_BUNDLE_IDENTIFIER = com.deicoon.TogglableSecureFieldDemoTests;
				PRODUCT_NAME = "$(TARGET_NAME)";
				SWIFT_EMIT_LOC_STRINGS = NO;
				SWIFT_VERSION = 5.0;
				TARGETED_DEVICE_FAMILY = "1,2";
				TEST_HOST = "$(BUILT_PRODUCTS_DIR)/TogglableSecureFieldDemo.app/TogglableSecureFieldDemo";
			};
			name = Debug;
		};
		F704D0E62762899E006F3F19 /* Release */ = {
			isa = XCBuildConfiguration;
			buildSettings = {
				ALWAYS_EMBED_SWIFT_STANDARD_LIBRARIES = YES;
				BUNDLE_LOADER = "$(TEST_HOST)";
				CODE_SIGN_STYLE = Automatic;
				CURRENT_PROJECT_VERSION = 1;
				DEVELOPMENT_TEAM = 8VNN3M6MR6;
				GENERATE_INFOPLIST_FILE = YES;
				IPHONEOS_DEPLOYMENT_TARGET = 15.0;
				LD_RUNPATH_SEARCH_PATHS = (
					"$(inherited)",
					"@executable_path/Frameworks",
					"@loader_path/Frameworks",
				);
				MARKETING_VERSION = 1.0;
				PRODUCT_BUNDLE_IDENTIFIER = com.deicoon.TogglableSecureFieldDemoTests;
				PRODUCT_NAME = "$(TARGET_NAME)";
				SWIFT_EMIT_LOC_STRINGS = NO;
				SWIFT_VERSION = 5.0;
				TARGETED_DEVICE_FAMILY = "1,2";
				TEST_HOST = "$(BUILT_PRODUCTS_DIR)/TogglableSecureFieldDemo.app/TogglableSecureFieldDemo";
			};
			name = Release;
		};
		F704D0E82762899E006F3F19 /* Debug */ = {
			isa = XCBuildConfiguration;
			buildSettings = {
				ALWAYS_EMBED_SWIFT_STANDARD_LIBRARIES = YES;
				CODE_SIGN_STYLE = Automatic;
				CURRENT_PROJECT_VERSION = 1;
				DEVELOPMENT_TEAM = 8VNN3M6MR6;
				GENERATE_INFOPLIST_FILE = YES;
				LD_RUNPATH_SEARCH_PATHS = (
					"$(inherited)",
					"@executable_path/Frameworks",
					"@loader_path/Frameworks",
				);
				MARKETING_VERSION = 1.0;
				PRODUCT_BUNDLE_IDENTIFIER = com.deicoon.TogglableSecureFieldDemoUITests;
				PRODUCT_NAME = "$(TARGET_NAME)";
				SWIFT_EMIT_LOC_STRINGS = NO;
				SWIFT_VERSION = 5.0;
				TARGETED_DEVICE_FAMILY = "1,2";
				TEST_TARGET_NAME = TogglableSecureFieldDemo;
			};
			name = Debug;
		};
		F704D0E92762899E006F3F19 /* Release */ = {
			isa = XCBuildConfiguration;
			buildSettings = {
				ALWAYS_EMBED_SWIFT_STANDARD_LIBRARIES = YES;
				CODE_SIGN_STYLE = Automatic;
				CURRENT_PROJECT_VERSION = 1;
				DEVELOPMENT_TEAM = 8VNN3M6MR6;
				GENERATE_INFOPLIST_FILE = YES;
				LD_RUNPATH_SEARCH_PATHS = (
					"$(inherited)",
					"@executable_path/Frameworks",
					"@loader_path/Frameworks",
				);
				MARKETING_VERSION = 1.0;
				PRODUCT_BUNDLE_IDENTIFIER = com.deicoon.TogglableSecureFieldDemoUITests;
				PRODUCT_NAME = "$(TARGET_NAME)";
				SWIFT_EMIT_LOC_STRINGS = NO;
				SWIFT_VERSION = 5.0;
				TARGETED_DEVICE_FAMILY = "1,2";
				TEST_TARGET_NAME = TogglableSecureFieldDemo;
			};
			name = Release;
		};
/* End XCBuildConfiguration section */

/* Begin XCConfigurationList section */
		F704D0B827628999006F3F19 /* Build configuration list for PBXProject "TogglableSecureFieldDemo" */ = {
			isa = XCConfigurationList;
			buildConfigurations = (
				F704D0DF2762899E006F3F19 /* Debug */,
				F704D0E02762899E006F3F19 /* Release */,
			);
			defaultConfigurationIsVisible = 0;
			defaultConfigurationName = Release;
		};
		F704D0E12762899E006F3F19 /* Build configuration list for PBXNativeTarget "TogglableSecureFieldDemo" */ = {
			isa = XCConfigurationList;
			buildConfigurations = (
				F704D0E22762899E006F3F19 /* Debug */,
				F704D0E32762899E006F3F19 /* Release */,
			);
			defaultConfigurationIsVisible = 0;
			defaultConfigurationName = Release;
		};
		F704D0E42762899E006F3F19 /* Build configuration list for PBXNativeTarget "TogglableSecureFieldDemoTests" */ = {
			isa = XCConfigurationList;
			buildConfigurations = (
				F704D0E52762899E006F3F19 /* Debug */,
				F704D0E62762899E006F3F19 /* Release */,
			);
			defaultConfigurationIsVisible = 0;
			defaultConfigurationName = Release;
		};
		F704D0E72762899E006F3F19 /* Build configuration list for PBXNativeTarget "TogglableSecureFieldDemoUITests" */ = {
			isa = XCConfigurationList;
			buildConfigurations = (
				F704D0E82762899E006F3F19 /* Debug */,
				F704D0E92762899E006F3F19 /* Release */,
			);
			defaultConfigurationIsVisible = 0;
			defaultConfigurationName = Release;
		};
/* End XCConfigurationList section */

/* Begin XCRemoteSwiftPackageReference section */
		F704D0EE27628F15006F3F19 /* XCRemoteSwiftPackageReference "TogglableSecureField" */ = {
			isa = XCRemoteSwiftPackageReference;
			repositoryURL = "https://github.com/perfaram/TogglableSecureField";
			requirement = {
				kind = upToNextMajorVersion;
				minimumVersion = 1.0.0;
			};
		};
/* End XCRemoteSwiftPackageReference section */

/* Begin XCSwiftPackageProductDependency section */
		F704D0EF27628F15006F3F19 /* TogglableSecureField */ = {
			isa = XCSwiftPackageProductDependency;
			package = F704D0EE27628F15006F3F19 /* XCRemoteSwiftPackageReference "TogglableSecureField" */;
			productName = TogglableSecureField;
		};
/* End XCSwiftPackageProductDependency section */
	};
	rootObject = F704D0B527628999006F3F19 /* Project object */;
}
